{
  "name": "result-value-exception",
  "version": "1.0.0",
  "lockfileVersion": 1,
  "requires": true,
  "dependencies": {
    "exception-tree": {
      "version": "1.0.3",
      "resolved": "https://registry.npmjs.org/exception-tree/-/exception-tree-1.0.3.tgz",
      "integrity": "sha512-MFjMHp7RdTU31RXZJsC+F7yfewRc8Q197IiImg/uDExJCx3Zy0WNJHBYSTfBP0bpxD8eKU5r7NYgOj1k5fAkbg=="
    }
  }
}
